
Microsoft Visual Studio Solution File, Format Version 12.00
# Visual Studio Version 17
VisualStudioVersion = 17.2.32519.379
MinimumVisualStudioVersion = 10.0.40219.1
Project("{9A19103F-16F7-4668-BE54-9A1E7A4F7556}") = "crudReservas", "crudReservas\crudReservas.csproj", "{32149837-9C7B-45B8-8383-1C2F369F3E98}"
EndProject
Global
	GlobalSection(SolutionConfigurationPlatforms) = preSolution
		Debug|Any CPU = Debug|Any CPU
		Release|Any CPU = Release|Any CPU
	EndGlobalSection
	GlobalSection(ProjectConfigurationPlatforms) = postSolution
		{32149837-9C7B-45B8-8383-1C2F369F3E98}.Debug|Any CPU.ActiveCfg = Debug|Any CPU
		{32149837-9C7B-45B8-8383-1C2F369F3E98}.Debug|Any CPU.Build.0 = Debug|Any CPU
		{32149837-9C7B-45B8-8383-1C2F369F3E98}.Release|Any CPU.ActiveCfg = Release|Any CPU
		{32149837-9C7B-45B8-8383-1C2F369F3E98}.Release|Any CPU.Build.0 = Release|Any CPU
	EndGlobalSection
	GlobalSection(SolutionProperties) = preSolution
		HideSolutionNode = FALSE
	EndGlobalSection
	GlobalSection(ExtensibilityGlobals) = postSolution
		SolutionGuid = {A5D35832-FECA-4D09-99AF-93899D52B9A9}
	EndGlobalSection
EndGlobal
